// !$*UTF8*$!
{
	archiveVersion = 1;
	classes = {
	};
	objectVersion = 46;
	objects = {

/* Begin PBXBuildFile section */
		BC45B94F1A6CFA48008DACF2 /* Foundation.framework in Frameworks */ = {isa = PBXBuildFile; fileRef = BC45B94E1A6CFA48008DACF2 /* Foundation.framework */; };
		BC45B9511A6CFA48008DACF2 /* CoreGraphics.framework in Frameworks */ = {isa = PBXBuildFile; fileRef = BC45B9501A6CFA48008DACF2 /* CoreGraphics.framework */; };
		BC45B9531A6CFA48008DACF2 /* UIKit.framework in Frameworks */ = {isa = PBXBuildFile; fileRef = BC45B9521A6CFA48008DACF2 /* UIKit.framework */; };
		BC45B9591A6CFA48008DACF2 /* InfoPlist.strings in Resources */ = {isa = PBXBuildFile; fileRef = BC45B9571A6CFA48008DACF2 /* InfoPlist.strings */; };
		BC45B95B1A6CFA48008DACF2 /* main.m in Sources */ = {isa = PBXBuildFile; fileRef = BC45B95A1A6CFA48008DACF2 /* main.m */; };
		BC45B95F1A6CFA48008DACF2 /* AppDelegate.m in Sources */ = {isa = PBXBuildFile; fileRef = BC45B95E1A6CFA48008DACF2 /* AppDelegate.m */; };
		BC45B9611A6CFA48008DACF2 /* Images.xcassets in Resources */ = {isa = PBXBuildFile; fileRef = BC45B9601A6CFA48008DACF2 /* Images.xcassets */; };
		BC45B9681A6CFA48008DACF2 /* XCTest.framework in Frameworks */ = {isa = PBXBuildFile; fileRef = BC45B9671A6CFA48008DACF2 /* XCTest.framework */; };
		BC45B9691A6CFA48008DACF2 /* Foundation.framework in Frameworks */ = {isa = PBXBuildFile; fileRef = BC45B94E1A6CFA48008DACF2 /* Foundation.framework */; };
		BC45B96A1A6CFA48008DACF2 /* UIKit.framework in Frameworks */ = {isa = PBXBuildFile; fileRef = BC45B9521A6CFA48008DACF2 /* UIKit.framework */; };
		BC45B9721A6CFA48008DACF2 /* InfoPlist.strings in Resources */ = {isa = PBXBuildFile; fileRef = BC45B9701A6CFA48008DACF2 /* InfoPlist.strings */; };
		BC45B9741A6CFA48008DACF2 /* _9mulTableTests.m in Sources */ = {isa = PBXBuildFile; fileRef = BC45B9731A6CFA48008DACF2 /* _9mulTableTests.m */; };
/* End PBXBuildFile section */

/* Begin PBXContainerItemProxy section */
		BC45B96B1A6CFA48008DACF2 /* PBXContainerItemProxy */ = {
			isa = PBXContainerItemProxy;
			containerPortal = BC45B9431A6CFA48008DACF2 /* Project object */;
			proxyType = 1;
			remoteGlobalIDString = BC45B94A1A6CFA48008DACF2;
			remoteInfo = 99mulTable;
		};
/* End PBXContainerItemProxy section */

/* Begin PBXFileReference section */
		BC45B94B1A6CFA48008DACF2 /* 99mulTable.app */ = {isa = PBXFileReference; explicitFileType = wrapper.application; includeInIndex = 0; path = 99mulTable.app; sourceTree = BUILT_PRODUCTS_DIR; };
		BC45B94E1A6CFA48008DACF2 /* Foundation.framework */ = {isa = PBXFileReference; lastKnownFileType = wrapper.framework; name = Foundation.framework; path = System/Library/Frameworks/Foundation.framework; sourceTree = SDKROOT; };
		BC45B9501A6CFA48008DACF2 /* CoreGraphics.framework */ = {isa = PBXFileReference; lastKnownFileType = wrapper.framework; name = CoreGraphics.framework; path = System/Library/Frameworks/CoreGraphics.framework; sourceTree = SDKROOT; };
		BC45B9521A6CFA48008DACF2 /* UIKit.framework */ = {isa = PBXFileReference; lastKnownFileType = wrapper.framework; name = UIKit.framework; path = System/Library/Frameworks/UIKit.framework; sourceTree = SDKROOT; };
		BC45B9561A6CFA48008DACF2 /* 99mulTable-Info.plist */ = {isa = PBXFileReference; lastKnownFileType = text.plist.xml; path = "99mulTable-Info.plist"; sourceTree = "<group>"; };
		BC45B9581A6CFA48008DACF2 /* en */ = {isa = PBXFileReference; lastKnownFileType = text.plist.strings; name = en; path = en.lproj/InfoPlist.strings; sourceTree = "<group>"; };
		BC45B95A1A6CFA48008DACF2 /* main.m */ = {isa = PBXFileReference; lastKnownFileType = sourcecode.c.objc; path = main.m; sourceTree = "<group>"; };
		BC45B95C1A6CFA48008DACF2 /* 99mulTable-Prefix.pch */ = {isa = PBXFileReference; lastKnownFileType = sourcecode.c.h; path = "99mulTable-Prefix.pch"; sourceTree = "<group>"; };
		BC45B95D1A6CFA48008DACF2 /* AppDelegate.h */ = {isa = PBXFileReference; lastKnownFileType = sourcecode.c.h; path = AppDelegate.h; sourceTree = "<group>"; };
		BC45B95E1A6CFA48008DACF2 /* AppDelegate.m */ = {isa = PBXFileReference; lastKnownFileType = sourcecode.c.objc; path = AppDelegate.m; sourceTree = "<group>"; };
		BC45B9601A6CFA48008DACF2 /* Images.xcassets */ = {isa = PBXFileReference; lastKnownFileType = folder.assetcatalog; path = Images.xcassets; sourceTree = "<group>"; };
		BC45B9661A6CFA48008DACF2 /* 99mulTableTests.xctest */ = {isa = PBXFileReference; explicitFileType = wrapper.cfbundle; includeInIndex = 0; path = 99mulTableTests.xctest; sourceTree = BUILT_PRODUCTS_DIR; };
		BC45B9671A6CFA48008DACF2 /* XCTest.framework */ = {isa = PBXFileReference; lastKnownFileType = wrapper.framework; name = XCTest.framework; path = Library/Frameworks/XCTest.framework; sourceTree = DEVELOPER_DIR; };
		BC45B96F1A6CFA48008DACF2 /* 99mulTableTests-Info.plist */ = {isa = PBXFileReference; lastKnownFileType = text.plist.xml; path = "99mulTableTests-Info.plist"; sourceTree = "<group>"; };
		BC45B9711A6CFA48008DACF2 /* en */ = {isa = PBXFileReference; lastKnownFileType = text.plist.strings; name = en; path = en.lproj/InfoPlist.strings; sourceTree = "<group>"; };
		BC45B9731A6CFA48008DACF2 /* _9mulTableTests.m */ = {isa = PBXFileReference; lastKnownFileType = sourcecode.c.objc; path = _9mulTableTests.m; sourceTree = "<group>"; };
/* End PBXFileReference section */

/* Begin PBXFrameworksBuildPhase section */
		BC45B9481A6CFA48008DACF2 /* Frameworks */ = {
			isa = PBXFrameworksBuildPhase;
			buildActionMask = 2147483647;
			files = (
				BC45B9511A6CFA48008DACF2 /* CoreGraphics.framework in Frameworks */,
				BC45B9531A6CFA48008DACF2 /* UIKit.framework in Frameworks */,
				BC45B94F1A6CFA48008DACF2 /* Foundation.framework in Frameworks */,
			);
			runOnlyForDeploymentPostprocessing = 0;
		};
		BC45B9631A6CFA48008DACF2 /* Frameworks */ = {
			isa = PBXFrameworksBuildPhase;
			buildActionMask = 2147483647;
			files = (
				BC45B9681A6CFA48008DACF2 /* XCTest.framework in Frameworks */,
				BC45B96A1A6CFA48008DACF2 /* UIKit.framework in Frameworks */,
				BC45B9691A6CFA48008DACF2 /* Foundation.framework in Frameworks */,
			);
			runOnlyForDeploymentPostprocessing = 0;
		};
/* End PBXFrameworksBuildPhase section */

/* Begin PBXGroup section */
		BC45B9421A6CFA48008DACF2 = {
			isa = PBXGroup;
			children = (
				BC45B9541A6CFA48008DACF2 /* 99mulTable */,
				BC45B96D1A6CFA48008DACF2 /* 99mulTableTests */,
				BC45B94D1A6CFA48008DACF2 /* Frameworks */,
				BC45B94C1A6CFA48008DACF2 /* Products */,
			);
			sourceTree = "<group>";
		};
		BC45B94C1A6CFA48008DACF2 /* Products */ = {
			isa = PBXGroup;
			children = (
				BC45B94B1A6CFA48008DACF2 /* 99mulTable.app */,
				BC45B9661A6CFA48008DACF2 /* 99mulTableTests.xctest */,
			);
			name = Products;
			sourceTree = "<group>";
		};
		BC45B94D1A6CFA48008DACF2 /* Frameworks */ = {
			isa = PBXGroup;
			children = (
				BC45B94E1A6CFA48008DACF2 /* Foundation.framework */,
				BC45B9501A6CFA48008DACF2 /* CoreGraphics.framework */,
				BC45B9521A6CFA48008DACF2 /* UIKit.framework */,
				BC45B9671A6CFA48008DACF2 /* XCTest.framework */,
			);
			name = Frameworks;
			sourceTree = "<group>";
		};
		BC45B9541A6CFA48008DACF2 /* 99mulTable */ = {
			isa = PBXGroup;
			children = (
				BC45B95D1A6CFA48008DACF2 /* AppDelegate.h */,
				BC45B95E1A6CFA48008DACF2 /* AppDelegate.m */,
				BC45B9601A6CFA48008DACF2 /* Images.xcassets */,
				BC45B9551A6CFA48008DACF2 /* Supporting Files */,
			);
			path = 99mulTable;
			sourceTree = "<group>";
		};
		BC45B9551A6CFA48008DACF2 /* Supporting Files */ = {
			isa = PBXGroup;
			children = (
				BC45B9561A6CFA48008DACF2 /* 99mulTable-Info.plist */,
				BC45B9571A6CFA48008DACF2 /* InfoPlist.strings */,
				BC45B95A1A6CFA48008DACF2 /* main.m */,
				BC45B95C1A6CFA48008DACF2 /* 99mulTable-Prefix.pch */,
			);
			name = "Supporting Files";
			sourceTree = "<group>";
		};
		BC45B96D1A6CFA48008DACF2 /* 99mulTableTests */ = {
			isa = PBXGroup;
			children = (
				BC45B9731A6CFA48008DACF2 /* _9mulTableTests.m */,
				BC45B96E1A6CFA48008DACF2 /* Supporting Files */,
			);
			path = 99mulTableTests;
			sourceTree = "<group>";
		};
		BC45B96E1A6CFA48008DACF2 /* Supporting Files */ = {
			isa = PBXGroup;
			children = (
				BC45B96F1A6CFA48008DACF2 /* 99mulTableTests-Info.plist */,
				BC45B9701A6CFA48008DACF2 /* InfoPlist.strings */,
			);
			name = "Supporting Files";
			sourceTree = "<group>";
		};
/* End PBXGroup section */

/* Begin PBXNativeTarget section */
		BC45B94A1A6CFA48008DACF2 /* 99mulTable */ = {
			isa = PBXNativeTarget;
			buildConfigurationList = BC45B9771A6CFA48008DACF2 /* Build configuration list for PBXNativeTarget "99mulTable" */;
			buildPhases = (
				BC45B9471A6CFA48008DACF2 /* Sources */,
				BC45B9481A6CFA48008DACF2 /* Frameworks */,
				BC45B9491A6CFA48008DACF2 /* Resources */,
			);
			buildRules = (
			);
			dependencies = (
			);
			name = 99mulTable;
			productName = 99mulTable;
			productReference = BC45B94B1A6CFA48008DACF2 /* 99mulTable.app */;
			productType = "com.apple.product-type.application";
		};
		BC45B9651A6CFA48008DACF2 /* 99mulTableTests */ = {
			isa = PBXNativeTarget;
			buildConfigurationList = BC45B97A1A6CFA48008DACF2 /* Build configuration list for PBXNativeTarget "99mulTableTests" */;
			buildPhases = (
				BC45B9621A6CFA48008DACF2 /* Sources */,
				BC45B9631A6CFA48008DACF2 /* Frameworks */,
				BC45B9641A6CFA48008DACF2 /* Resources */,
			);
			buildRules = (
			);
			dependencies = (
				BC45B96C1A6CFA48008DACF2 /* PBXTargetDependency */,
			);
			name = 99mulTableTests;
			productName = 99mulTableTests;
			productReference = BC45B9661A6CFA48008DACF2 /* 99mulTableTests.xctest */;
			productType = "com.apple.product-type.bundle.unit-test";
		};
/* End PBXNativeTarget section */

/* Begin PBXProject section */
		BC45B9431A6CFA48008DACF2 /* Project object */ = {
			isa = PBXProject;
			attributes = {
				LastUpgradeCheck = 0510;
				ORGANIZATIONNAME = "___FULLUSERNAME___";
				TargetAttributes = {
					BC45B9651A6CFA48008DACF2 = {
						TestTargetID = BC45B94A1A6CFA48008DACF2;
					};
				};
			};
			buildConfigurationList = BC45B9461A6CFA48008DACF2 /* Build configuration list for PBXProject "99mulTable" */;
			compatibilityVersion = "Xcode 3.2";
			developmentRegion = English;
			hasScannedForEncodings = 0;
			knownRegions = (
				en,
			);
			mainGroup = BC45B9421A6CFA48008DACF2;
			productRefGroup = BC45B94C1A6CFA48008DACF2 /* Products */;
			projectDirPath = "";
			projectRoot = "";
			targets = (
				BC45B94A1A6CFA48008DACF2 /* 99mulTable */,
				BC45B9651A6CFA48008DACF2 /* 99mulTableTests */,
			);
		};
/* End PBXProject section */

/* Begin PBXResourcesBuildPhase section */
		BC45B9491A6CFA48008DACF2 /* Resources */ = {
			isa = PBXResourcesBuildPhase;
			buildActionMask = 2147483647;
			files = (
				BC45B9591A6CFA48008DACF2 /* InfoPlist.strings in Resources */,
				BC45B9611A6CFA48008DACF2 /* Images.xcassets in Resources */,
			);
			runOnlyForDeploymentPostprocessing = 0;
		};
		BC45B9641A6CFA48008DACF2 /* Resources */ = {
			isa = PBXResourcesBuildPhase;
			buildActionMask = 2147483647;
			files = (
				BC45B9721A6CFA48008DACF2 /* InfoPlist.strings in Resources */,
			);
			runOnlyForDeploymentPostprocessing = 0;
		};
/* End PBXResourcesBuildPhase section */

/* Begin PBXSourcesBuildPhase section */
		BC45B9471A6CFA48008DACF2 /* Sources */ = {
			isa = PBXSourcesBuildPhase;
			buildActionMask = 2147483647;
			files = (
				BC45B95F1A6CFA48008DACF2 /* AppDelegate.m in Sources */,
				BC45B95B1A6CFA48008DACF2 /* main.m in Sources */,
			);
			runOnlyForDeploymentPostprocessing = 0;
		};
		BC45B9621A6CFA48008DACF2 /* Sources */ = {
			isa = PBXSourcesBuildPhase;
			buildActionMask = 2147483647;
			files = (
				BC45B9741A6CFA48008DACF2 /* _9mulTableTests.m in Sources */,
			);
			runOnlyForDeploymentPostprocessing = 0;
		};
/* End PBXSourcesBuildPhase section */

/* Begin PBXTargetDependency section */
		BC45B96C1A6CFA48008DACF2 /* PBXTargetDependency */ = {
			isa = PBXTargetDependency;
			target = BC45B94A1A6CFA48008DACF2 /* 99mulTable */;
			targetProxy = BC45B96B1A6CFA48008DACF2 /* PBXContainerItemProxy */;
		};
/* End PBXTargetDependency section */

/* Begin PBXVariantGroup section */
		BC45B9571A6CFA48008DACF2 /* InfoPlist.strings */ = {
			isa = PBXVariantGroup;
			children = (
				BC45B9581A6CFA48008DACF2 /* en */,
			);
			name = InfoPlist.strings;
			sourceTree = "<group>";
		};
		BC45B9701A6CFA48008DACF2 /* InfoPlist.strings */ = {
			isa = PBXVariantGroup;
			children = (
				BC45B9711A6CFA48008DACF2 /* en */,
			);
			name = InfoPlist.strings;
			sourceTree = "<group>";
		};
/* End PBXVariantGroup section */

/* Begin XCBuildConfiguration section */
		BC45B9751A6CFA48008DACF2 /* Debug */ = {
			isa = XCBuildConfiguration;
			buildSettings = {
				ALWAYS_SEARCH_USER_PATHS = NO;
				CLANG_CXX_LANGUAGE_STANDARD = "gnu++0x";
				CLANG_CXX_LIBRARY = "libc++";
				CLANG_ENABLE_MODULES = YES;
				CLANG_ENABLE_OBJC_ARC = YES;
				CLANG_WARN_BOOL_CONVERSION = YES;
				CLANG_WARN_CONSTANT_CONVERSION = YES;
				CLANG_WARN_DIRECT_OBJC_ISA_USAGE = YES_ERROR;
				CLANG_WARN_EMPTY_BODY = YES;
				CLANG_WARN_ENUM_CONVERSION = YES;
				CLANG_WARN_INT_CONVERSION = YES;
				CLANG_WARN_OBJC_ROOT_CLASS = YES_ERROR;
				CLANG_WARN__DUPLICATE_METHOD_MATCH = YES;
				"CODE_SIGN_IDENTITY[sdk=iphoneos*]" = "iPhone Developer";
				COPY_PHASE_STRIP = NO;
				GCC_C_LANGUAGE_STANDARD = gnu99;
				GCC_DYNAMIC_NO_PIC = NO;
				GCC_OPTIMIZATION_LEVEL = 0;
				GCC_PREPROCESSOR_DEFINITIONS = (
					"DEBUG=1",
					"$(inherited)",
				);
				GCC_SYMBOLS_PRIVATE_EXTERN = NO;
				GCC_WARN_64_TO_32_BIT_CONVERSION = YES;
				GCC_WARN_ABOUT_RETURN_TYPE = YES_ERROR;
				GCC_WARN_UNDECLARED_SELECTOR = YES;
				GCC_WARN_UNINITIALIZED_AUTOS = YES_AGGRESSIVE;
				GCC_WARN_UNUSED_FUNCTION = YES;
				GCC_WARN_UNUSED_VARIABLE = YES;
				IPHONEOS_DEPLOYMENT_TARGET = 7.1;
				ONLY_ACTIVE_ARCH = YES;
				SDKROOT = iphoneos;
			};
			name = Debug;
		};
		BC45B9761A6CFA48008DACF2 /* Release */ = {
			isa = XCBuildConfiguration;
			buildSettings = {
				ALWAYS_SEARCH_USER_PATHS = NO;
				CLANG_CXX_LANGUAGE_STANDARD = "gnu++0x";
				CLANG_CXX_LIBRARY = "libc++";
				CLANG_ENABLE_MODULES = YES;
				CLANG_ENABLE_OBJC_ARC = YES;
				CLANG_WARN_BOOL_CONVERSION = YES;
				CLANG_WARN_CONSTANT_CONVERSION = YES;
				CLANG_WARN_DIRECT_OBJC_ISA_USAGE = YES_ERROR;
				CLANG_WARN_EMPTY_BODY = YES;
				CLANG_WARN_ENUM_CONVERSION = YES;
				CLANG_WARN_INT_CONVERSION = YES;
				CLANG_WARN_OBJC_ROOT_CLASS = YES_ERROR;
				CLANG_WARN__DUPLICATE_METHOD_MATCH = YES;
				"CODE_SIGN_IDENTITY[sdk=iphoneos*]" = "iPhone Developer";
				COPY_PHASE_STRIP = YES;
				ENABLE_NS_ASSERTIONS = NO;
				GCC_C_LANGUAGE_STANDARD = gnu99;
				GCC_WARN_64_TO_32_BIT_CONVERSION = YES;
				GCC_WARN_ABOUT_RETURN_TYPE = YES_ERROR;
				GCC_WARN_UNDECLARED_SELECTOR = YES;
				GCC_WARN_UNINITIALIZED_AUTOS = YES_AGGRESSIVE;
				GCC_WARN_UNUSED_FUNCTION = YES;
				GCC_WARN_UNUSED_VARIABLE = YES;
				IPHONEOS_DEPLOYMENT_TARGET = 7.1;
				SDKROOT = iphoneos;
				VALIDATE_PRODUCT = YES;
			};
			name = Release;
		};
		BC45B9781A6CFA48008DACF2 /* Debug */ = {
			isa = XCBuildConfiguration;
			buildSettings = {
				ASSETCATALOG_COMPILER_APPICON_NAME = AppIcon;
				ASSETCATALOG_COMPILER_LAUNCHIMAGE_NAME = LaunchImage;
				CLANG_ENABLE_OBJC_ARC = NO;
				GCC_PRECOMPILE_PREFIX_HEADER = YES;
				GCC_PREFIX_HEADER = "99mulTable/99mulTable-Prefix.pch";
				INFOPLIST_FILE = "99mulTable/99mulTable-Info.plist";
				PRODUCT_NAME = "$(TARGET_NAME)";
				WRAPPER_EXTENSION = app;
			};
			name = Debug;
		};
		BC45B9791A6CFA48008DACF2 /* Release */ = {
			isa = XCBuildConfiguration;
			buildSettings = {
				ASSETCATALOG_COMPILER_APPICON_NAME = AppIcon;
				ASSETCATALOG_COMPILER_LAUNCHIMAGE_NAME = LaunchImage;
				CLANG_ENABLE_OBJC_ARC = NO;
				GCC_PRECOMPILE_PREFIX_HEADER = YES;
				GCC_PREFIX_HEADER = "99mulTable/99mulTable-Prefix.pch";
				INFOPLIST_FILE = "99mulTable/99mulTable-Info.plist";
				PRODUCT_NAME = "$(TARGET_NAME)";
				WRAPPER_EXTENSION = app;
			};
			name = Release;
		};
		BC45B97B1A6CFA48008DACF2 /* Debug */ = {
			isa = XCBuildConfiguration;
			buildSettings = {
				BUNDLE_LOADER = "$(BUILT_PRODUCTS_DIR)/99mulTable.app/99mulTable";
				FRAMEWORK_SEARCH_PATHS = (
					"$(SDKROOT)/Developer/Library/Frameworks",
					"$(inherited)",
					"$(DEVELOPER_FRAMEWORKS_DIR)",
				);
				GCC_PRECOMPILE_PREFIX_HEADER = YES;
				GCC_PREFIX_HEADER = "99mulTable/99mulTable-Prefix.pch";
				GCC_PREPROCESSOR_DEFINITIONS = (
					"DEBUG=1",
					"$(inherited)",
				);
				INFOPLIST_FILE = "99mulTableTests/99mulTableTests-Info.plist";
				PRODUCT_NAME = "$(TARGET_NAME)";
				TEST_HOST = "$(BUNDLE_LOADER)";
				WRAPPER_EXTENSION = xctest;
			};
			name = Debug;
		};
		BC45B97C1A6CFA48008DACF2 /* Release */ = {
			isa = XCBuildConfiguration;
			buildSettings = {
				BUNDLE_LOADER = "$(BUILT_PRODUCTS_DIR)/99mulTable.app/99mulTable";
				FRAMEWORK_SEARCH_PATHS = (
					"$(SDKROOT)/Developer/Library/Frameworks",
					"$(inherited)",
					"$(DEVELOPER_FRAMEWORKS_DIR)",
				);
				GCC_PRECOMPILE_PREFIX_HEADER = YES;
				GCC_PREFIX_HEADER = "99mulTable/99mulTable-Prefix.pch";
				INFOPLIST_FILE = "99mulTableTests/99mulTableTests-Info.plist";
				PRODUCT_NAME = "$(TARGET_NAME)";
				TEST_HOST = "$(BUNDLE_LOADER)";
				WRAPPER_EXTENSION = xctest;
			};
			name = Release;
		};
/* End XCBuildConfiguration section */

/* Begin XCConfigurationList section */
		BC45B9461A6CFA48008DACF2 /* Build configuration list for PBXProject "99mulTable" */ = {
			isa = XCConfigurationList;
			buildConfigurations = (
				BC45B9751A6CFA48008DACF2 /* Debug */,
				BC45B9761A6CFA48008DACF2 /* Release */,
			);
			defaultConfigurationIsVisible = 0;
			defaultConfigurationName = Release;
		};
		BC45B9771A6CFA48008DACF2 /* Build configuration list for PBXNativeTarget "99mulTable" */ = {
			isa = XCConfigurationList;
			buildConfigurations = (
				BC45B9781A6CFA48008DACF2 /* Debug */,
				BC45B9791A6CFA48008DACF2 /* Release */,
			);
			defaultConfigurationIsVisible = 0;
		};
		BC45B97A1A6CFA48008DACF2 /* Build configuration list for PBXNativeTarget "99mulTableTests" */ = {
			isa = XCConfigurationList;
			buildConfigurations = (
				BC45B97B1A6CFA48008DACF2 /* Debug */,
				BC45B97C1A6CFA48008DACF2 /* Release */,
			);
			defaultConfigurationIsVisible = 0;
		};
/* End XCConfigurationList section */
	};
	rootObject = BC45B9431A6CFA48008DACF2 /* Project object */;
}
